{
  "name": "sidefx-capability-api",
  "lockfileVersion": 3,
  "requires": true,
  "packages": {
    "": {
      "name": "sidefx-capability-api",
      "dependencies": {
        "sidefx-cli": "file:../../../sidefx-cli"
      },
      "engines": {
        "node": ">=20"
      }
    },
    "../../../sidefx-cli": {
      "version": "0.1.0",
      "dependencies": {
        "stream-json": "1.9.1"
      },
      "bin": {
        "sfx": "bin/sfx.mjs"
      },
      "engines": {
        "node": ">=20"
      }
    },
    "node_modules/sidefx-cli": {
      "resolved": "../../../sidefx-cli",
      "link": true
    }
  }
}
